// !$*UTF8*$!
{
	archiveVersion = 1;
	classes = {
	};
	objectVersion = 46;
	objects = {

/* Begin PBXBuildFile section */
		F77512E51F9CBB6500630184 /* AppDelegate.swift in Sources */ = {isa = PBXBuildFile; fileRef = F77512E41F9CBB6500630184 /* AppDelegate.swift */; };
		F77512E71F9CBB6500630184 /* ViewController.swift in Sources */ = {isa = PBXBuildFile; fileRef = F77512E61F9CBB6500630184 /* ViewController.swift */; };
		F77512EA1F9CBB6600630184 /* Main.storyboard in Resources */ = {isa = PBXBuildFile; fileRef = F77512E81F9CBB6600630184 /* Main.storyboard */; };
		F77512EC1F9CBB6600630184 /* Assets.xcassets in Resources */ = {isa = PBXBuildFile; fileRef = F77512EB1F9CBB6600630184 /* Assets.xcassets */; };
		F77512EF1F9CBB6700630184 /* LaunchScreen.storyboard in Resources */ = {isa = PBXBuildFile; fileRef = F77512ED1F9CBB6700630184 /* LaunchScreen.storyboard */; };
		F77512F71F9CBBB400630184 /* RoundedButton.swift in Sources */ = {isa = PBXBuildFile; fileRef = F77512F61F9CBBB400630184 /* RoundedButton.swift */; };
/* End PBXBuildFile section */

/* Begin PBXFileReference section */
		F77512E11F9CBB6500630184 /* RoundedButton.app */ = {isa = PBXFileReference; explicitFileType = wrapper.application; includeInIndex = 0; path = RoundedButton.app; sourceTree = BUILT_PRODUCTS_DIR; };
		F77512E41F9CBB6500630184 /* AppDelegate.swift */ = {isa = PBXFileReference; lastKnownFileType = sourcecode.swift; path = AppDelegate.swift; sourceTree = "<group>"; };
		F77512E61F9CBB6500630184 /* ViewController.swift */ = {isa = PBXFileReference; lastKnownFileType = sourcecode.swift; path = ViewController.swift; sourceTree = "<group>"; };
		F77512E91F9CBB6600630184 /* Base */ = {isa = PBXFileReference; lastKnownFileType = file.storyboard; name = Base; path = Base.lproj/Main.storyboard; sourceTree = "<group>"; };
		F77512EB1F9CBB6600630184 /* Assets.xcassets */ = {isa = PBXFileReference; lastKnownFileType = folder.assetcatalog; path = Assets.xcassets; sourceTree = "<group>"; };
		F77512EE1F9CBB6700630184 /* Base */ = {isa = PBXFileReference; lastKnownFileType = file.storyboard; name = Base; path = Base.lproj/LaunchScreen.storyboard; sourceTree = "<group>"; };
		F77512F01F9CBB6700630184 /* Info.plist */ = {isa = PBXFileReference; lastKnownFileType = text.plist.xml; path = Info.plist; sourceTree = "<group>"; };
		F77512F61F9CBBB400630184 /* RoundedButton.swift */ = {isa = PBXFileReference; fileEncoding = 4; lastKnownFileType = sourcecode.swift; path = RoundedButton.swift; sourceTree = "<group>"; };
/* End PBXFileReference section */

/* Begin PBXFrameworksBuildPhase section */
		F77512DE1F9CBB6500630184 /* Frameworks */ = {
			isa = PBXFrameworksBuildPhase;
			buildActionMask = 2147483647;
			files = (
			);
			runOnlyForDeploymentPostprocessing = 0;
		};
/* End PBXFrameworksBuildPhase section */

/* Begin PBXGroup section */
		F77512D81F9CBB6500630184 = {
			isa = PBXGroup;
			children = (
				F77512E31F9CBB6500630184 /* RoundedButton */,
				F77512E21F9CBB6500630184 /* Products */,
			);
			sourceTree = "<group>";
		};
		F77512E21F9CBB6500630184 /* Products */ = {
			isa = PBXGroup;
			children = (
				F77512E11F9CBB6500630184 /* RoundedButton.app */,
			);
			name = Products;
			sourceTree = "<group>";
		};
		F77512E31F9CBB6500630184 /* RoundedButton */ = {
			isa = PBXGroup;
			children = (
				F77512E41F9CBB6500630184 /* AppDelegate.swift */,
				F77512E61F9CBB6500630184 /* ViewController.swift */,
				F77512E81F9CBB6600630184 /* Main.storyboard */,
				F77512EB1F9CBB6600630184 /* Assets.xcassets */,
				F77512ED1F9CBB6700630184 /* LaunchScreen.storyboard */,
				F77512F01F9CBB6700630184 /* Info.plist */,
				F77512F61F9CBBB400630184 /* RoundedButton.swift */,
			);
			path = RoundedButton;
			sourceTree = "<group>";
		};
/* End PBXGroup section */

/* Begin PBXNativeTarget section */
		F77512E01F9CBB6500630184 /* RoundedButton */ = {
			isa = PBXNativeTarget;
			buildConfigurationList = F77512F31F9CBB6700630184 /* Build configuration list for PBXNativeTarget "RoundedButton" */;
			buildPhases = (
				F77512DD1F9CBB6500630184 /* Sources */,
				F77512DE1F9CBB6500630184 /* Frameworks */,
				F77512DF1F9CBB6500630184 /* Resources */,
			);
			buildRules = (
			);
			dependencies = (
			);
			name = RoundedButton;
			productName = RoundedButton;
			productReference = F77512E11F9CBB6500630184 /* RoundedButton.app */;
			productType = "com.apple.product-type.application";
		};
/* End PBXNativeTarget section */

/* Begin PBXProject section */
		F77512D91F9CBB6500630184 /* Project object */ = {
			isa = PBXProject;
			attributes = {
				LastSwiftUpdateCheck = 0830;
				LastUpgradeCheck = 0830;
				ORGANIZATIONNAME = "M Usman Saeed";
				TargetAttributes = {
					F77512E01F9CBB6500630184 = {
						CreatedOnToolsVersion = 8.3.1;
						ProvisioningStyle = Automatic;
					};
				};
			};
			buildConfigurationList = F77512DC1F9CBB6500630184 /* Build configuration list for PBXProject "RoundedButton" */;
			compatibilityVersion = "Xcode 3.2";
			developmentRegion = English;
			hasScannedForEncodings = 0;
			knownRegions = (
				en,
				Base,
			);
			mainGroup = F77512D81F9CBB6500630184;
			productRefGroup = F77512E21F9CBB6500630184 /* Products */;
			projectDirPath = "";
			projectRoot = "";
			targets = (
				F77512E01F9CBB6500630184 /* RoundedButton */,
			);
		};
/* End PBXProject section */

/* Begin PBXResourcesBuildPhase section */
		F77512DF1F9CBB6500630184 /* Resources */ = {
			isa = PBXResourcesBuildPhase;
			buildActionMask = 2147483647;
			files = (
				F77512EF1F9CBB6700630184 /* LaunchScreen.storyboard in Resources */,
				F77512EC1F9CBB6600630184 /* Assets.xcassets in Resources */,
				F77512EA1F9CBB6600630184 /* Main.storyboard in Resources */,
			);
			runOnlyForDeploymentPostprocessing = 0;
		};
/* End PBXResourcesBuildPhase section */

/* Begin PBXSourcesBuildPhase section */
		F77512DD1F9CBB6500630184 /* Sources */ = {
			isa = PBXSourcesBuildPhase;
			buildActionMask = 2147483647;
			files = (
				F77512E71F9CBB6500630184 /* ViewController.swift in Sources */,
				F77512F71F9CBBB400630184 /* RoundedButton.swift in Sources */,
				F77512E51F9CBB6500630184 /* AppDelegate.swift in Sources */,
			);
			runOnlyForDeploymentPostprocessing = 0;
		};
/* End PBXSourcesBuildPhase section */

/* Begin PBXVariantGroup section */
		F77512E81F9CBB6600630184 /* Main.storyboard */ = {
			isa = PBXVariantGroup;
			children = (
				F77512E91F9CBB6600630184 /* Base */,
			);
			name = Main.storyboard;
			sourceTree = "<group>";
		};
		F77512ED1F9CBB6700630184 /* LaunchScreen.storyboard */ = {
			isa = PBXVariantGroup;
			children = (
				F77512EE1F9CBB6700630184 /* Base */,
			);
			name = LaunchScreen.storyboard;
			sourceTree = "<group>";
		};
/* End PBXVariantGroup section */

/* Begin XCBuildConfiguration section */
		F77512F11F9CBB6700630184 /* Debug */ = {
			isa = XCBuildConfiguration;
			buildSettings = {
				ALWAYS_SEARCH_USER_PATHS = NO;
				CLANG_ANALYZER_NONNULL = YES;
				CLANG_ANALYZER_NUMBER_OBJECT_CONVERSION = YES_AGGRESSIVE;
				CLANG_CXX_LANGUAGE_STANDARD = "gnu++0x";
				CLANG_CXX_LIBRARY = "libc++";
				CLANG_ENABLE_MODULES = YES;
				CLANG_ENABLE_OBJC_ARC = YES;
				CLANG_WARN_BOOL_CONVERSION = YES;
				CLANG_WARN_CONSTANT_CONVERSION = YES;
				CLANG_WARN_DIRECT_OBJC_ISA_USAGE = YES_ERROR;
				CLANG_WARN_DOCUMENTATION_COMMENTS = YES;
				CLANG_WARN_EMPTY_BODY = YES;
				CLANG_WARN_ENUM_CONVERSION = YES;
				CLANG_WARN_INFINITE_RECURSION = YES;
				CLANG_WARN_INT_CONVERSION = YES;
				CLANG_WARN_OBJC_ROOT_CLASS = YES_ERROR;
				CLANG_WARN_SUSPICIOUS_MOVE = YES;
				CLANG_WARN_UNREACHABLE_CODE = YES;
				CLANG_WARN__DUPLICATE_METHOD_MATCH = YES;
				"CODE_SIGN_IDENTITY[sdk=iphoneos*]" = "iPhone Developer";
				COPY_PHASE_STRIP = NO;
				DEBUG_INFORMATION_FORMAT = dwarf;
				ENABLE_STRICT_OBJC_MSGSEND = YES;
				ENABLE_TESTABILITY = YES;
				GCC_C_LANGUAGE_STANDARD = gnu99;
				GCC_DYNAMIC_NO_PIC = NO;
				GCC_NO_COMMON_BLOCKS = YES;
				GCC_OPTIMIZATION_LEVEL = 0;
				GCC_PREPROCESSOR_DEFINITIONS = (
					"DEBUG=1",
					"$(inherited)",
				);
				GCC_WARN_64_TO_32_BIT_CONVERSION = YES;
				GCC_WARN_ABOUT_RETURN_TYPE = YES_ERROR;
				GCC_WARN_UNDECLARED_SELECTOR = YES;
				GCC_WARN_UNINITIALIZED_AUTOS = YES_AGGRESSIVE;
				GCC_WARN_UNUSED_FUNCTION = YES;
				GCC_WARN_UNUSED_VARIABLE = YES;
				IPHONEOS_DEPLOYMENT_TARGET = 10.3;
				MTL_ENABLE_DEBUG_INFO = YES;
				ONLY_ACTIVE_ARCH = YES;
				SDKROOT = iphoneos;
				SWIFT_ACTIVE_COMPILATION_CONDITIONS = DEBUG;
				SWIFT_OPTIMIZATION_LEVEL = "-Onone";
				TARGETED_DEVICE_FAMILY = "1,2";
			};
			name = Debug;
		};
		F77512F21F9CBB6700630184 /* Release */ = {
			isa = XCBuildConfiguration;
			buildSettings = {
				ALWAYS_SEARCH_USER_PATHS = NO;
				CLANG_ANALYZER_NONNULL = YES;
				CLANG_ANALYZER_NUMBER_OBJECT_CONVERSION = YES_AGGRESSIVE;
				CLANG_CXX_LANGUAGE_STANDARD = "gnu++0x";
				CLANG_CXX_LIBRARY = "libc++";
				CLANG_ENABLE_MODULES = YES;
				CLANG_ENABLE_OBJC_ARC = YES;
				CLANG_WARN_BOOL_CONVERSION = YES;
				CLANG_WARN_CONSTANT_CONVERSION = YES;
				CLANG_WARN_DIRECT_OBJC_ISA_USAGE = YES_ERROR;
				CLANG_WARN_DOCUMENTATION_COMMENTS = YES;
				CLANG_WARN_EMPTY_BODY = YES;
				CLANG_WARN_ENUM_CONVERSION = YES;
				CLANG_WARN_INFINITE_RECURSION = YES;
				CLANG_WARN_INT_CONVERSION = YES;
				CLANG_WARN_OBJC_ROOT_CLASS = YES_ERROR;
				CLANG_WARN_SUSPICIOUS_MOVE = YES;
				CLANG_WARN_UNREACHABLE_CODE = YES;
				CLANG_WARN__DUPLICATE_METHOD_MATCH = YES;
				"CODE_SIGN_IDENTITY[sdk=iphoneos*]" = "iPhone Developer";
				COPY_PHASE_STRIP = NO;
				DEBUG_INFORMATION_FORMAT = "dwarf-with-dsym";
				ENABLE_NS_ASSERTIONS = NO;
				ENABLE_STRICT_OBJC_MSGSEND = YES;
				GCC_C_LANGUAGE_STANDARD = gnu99;
				GCC_NO_COMMON_BLOCKS = YES;
				GCC_WARN_64_TO_32_BIT_CONVERSION = YES;
				GCC_WARN_ABOUT_RETURN_TYPE = YES_ERROR;
				GCC_WARN_UNDECLARED_SELECTOR = YES;
				GCC_WARN_UNINITIALIZED_AUTOS = YES_AGGRESSIVE;
				GCC_WARN_UNUSED_FUNCTION = YES;
				GCC_WARN_UNUSED_VARIABLE = YES;
				IPHONEOS_DEPLOYMENT_TARGET = 10.3;
				MTL_ENABLE_DEBUG_INFO = NO;
				SDKROOT = iphoneos;
				SWIFT_OPTIMIZATION_LEVEL = "-Owholemodule";
				TARGETED_DEVICE_FAMILY = "1,2";
				VALIDATE_PRODUCT = YES;
			};
			name = Release;
		};
		F77512F41F9CBB6700630184 /* Debug */ = {
			isa = XCBuildConfiguration;
			buildSettings = {
				ASSETCATALOG_COMPILER_APPICON_NAME = AppIcon;
				INFOPLIST_FILE = RoundedButton/Info.plist;
				LD_RUNPATH_SEARCH_PATHS = "$(inherited) @executable_path/Frameworks";
				PRODUCT_BUNDLE_IDENTIFIER = com.xyz.RoundedButton;
				PRODUCT_NAME = "$(TARGET_NAME)";
				SWIFT_VERSION = 3.0;
			};
			name = Debug;
		};
		F77512F51F9CBB6700630184 /* Release */ = {
			isa = XCBuildConfiguration;
			buildSettings = {
				ASSETCATALOG_COMPILER_APPICON_NAME = AppIcon;
				INFOPLIST_FILE = RoundedButton/Info.plist;
				LD_RUNPATH_SEARCH_PATHS = "$(inherited) @executable_path/Frameworks";
				PRODUCT_BUNDLE_IDENTIFIER = com.xyz.RoundedButton;
				PRODUCT_NAME = "$(TARGET_NAME)";
				SWIFT_VERSION = 3.0;
			};
			name = Release;
		};
/* End XCBuildConfiguration section */

/* Begin XCConfigurationList section */
		F77512DC1F9CBB6500630184 /* Build configuration list for PBXProject "RoundedButton" */ = {
			isa = XCConfigurationList;
			buildConfigurations = (
				F77512F11F9CBB6700630184 /* Debug */,
				F77512F21F9CBB6700630184 /* Release */,
			);
			defaultConfigurationIsVisible = 0;
			defaultConfigurationName = Release;
		};
		F77512F31F9CBB6700630184 /* Build configuration list for PBXNativeTarget "RoundedButton" */ = {
			isa = XCConfigurationList;
			buildConfigurations = (
				F77512F41F9CBB6700630184 /* Debug */,
				F77512F51F9CBB6700630184 /* Release */,
			);
			defaultConfigurationIsVisible = 0;
		};
/* End XCConfigurationList section */
	};
	rootObject = F77512D91F9CBB6500630184 /* Project object */;
}
